
Microsoft Visual Studio Solution File, Format Version 12.00
# Visual Studio Version 16
VisualStudioVersion = 16.0.31829.152
MinimumVisualStudioVersion = 10.0.40219.1
Project("{FAE04EC0-301F-11D3-BF4B-00C04F79EFBC}") = "ArrayProblems", "ArrayProblems\ArrayProblems.csproj", "{39EE78AD-206A-40E8-A7EF-4BA274E028ED}"
EndProject
Global
	GlobalSection(SolutionConfigurationPlatforms) = preSolution
		Debug|Any CPU = Debug|Any CPU
		Release|Any CPU = Release|Any CPU
	EndGlobalSection
	GlobalSection(ProjectConfigurationPlatforms) = postSolution
		{39EE78AD-206A-40E8-A7EF-4BA274E028ED}.Debug|Any CPU.ActiveCfg = Debug|Any CPU
		{39EE78AD-206A-40E8-A7EF-4BA274E028ED}.Debug|Any CPU.Build.0 = Debug|Any CPU
		{39EE78AD-206A-40E8-A7EF-4BA274E028ED}.Release|Any CPU.ActiveCfg = Release|Any CPU
		{39EE78AD-206A-40E8-A7EF-4BA274E028ED}.Release|Any CPU.Build.0 = Release|Any CPU
	EndGlobalSection
	GlobalSection(SolutionProperties) = preSolution
		HideSolutionNode = FALSE
	EndGlobalSection
	GlobalSection(ExtensibilityGlobals) = postSolution
		SolutionGuid = {0806D115-7AA7-4A6A-AD5E-6C247A829545}
	EndGlobalSection
EndGlobal
